
Microsoft Visual Studio Solution File, Format Version 12.00
# Visual Studio 15
VisualStudioVersion = 15.0.28307.1433
MinimumVisualStudioVersion = 10.0.40219.1
Project("{FAE04EC0-301F-11D3-BF4B-00C04F79EFBC}") = "Gui-PI", "Gui-PI\Gui-PI.csproj", "{5925866C-266E-479F-AF2D-F4CF801F3470}"
EndProject
Global
	GlobalSection(SolutionConfigurationPlatforms) = preSolution
		Debug|Any CPU = Debug|Any CPU
		Release|Any CPU = Release|Any CPU
	EndGlobalSection
	GlobalSection(ProjectConfigurationPlatforms) = postSolution
		{5925866C-266E-479F-AF2D-F4CF801F3470}.Debug|Any CPU.ActiveCfg = Debug|Any CPU
		{5925866C-266E-479F-AF2D-F4CF801F3470}.Debug|Any CPU.Build.0 = Debug|Any CPU
		{5925866C-266E-479F-AF2D-F4CF801F3470}.Release|Any CPU.ActiveCfg = Release|Any CPU
		{5925866C-266E-479F-AF2D-F4CF801F3470}.Release|Any CPU.Build.0 = Release|Any CPU
	EndGlobalSection
	GlobalSection(SolutionProperties) = preSolution
		HideSolutionNode = FALSE
	EndGlobalSection
	GlobalSection(ExtensibilityGlobals) = postSolution
		SolutionGuid = {992E2D7D-7E97-4DCF-938F-F71EC8D5357B}
	EndGlobalSection
EndGlobal
